
Microsoft Visual Studio Solution File, Format Version 12.00
# Visual Studio Version 17
VisualStudioVersion = 17.14.36414.22
MinimumVisualStudioVersion = 10.0.40219.1
Project("{FAE04EC0-301F-11D3-BF4B-00C04F79EFBC}") = "ParckingAuto", "ParckingAuto\ParckingAuto.csproj", "{51D502F2-2E04-4701-AC8C-31DA9D3D8937}"
EndProject
Project("{FAE04EC0-301F-11D3-BF4B-00C04F79EFBC}") = "Front", "Front\Front.csproj", "{DFB707F2-C1B4-4FF0-8517-AED6FA798DB0}"
EndProject
Project("{FAE04EC0-301F-11D3-BF4B-00C04F79EFBC}") = "Partagee", "Partagee\Partagee.csproj", "{6338E999-AEA5-45FE-9E03-BD29315EF78E}"
EndProject
Global
	GlobalSection(SolutionConfigurationPlatforms) = preSolution
		Debug|Any CPU = Debug|Any CPU
		Release|Any CPU = Release|Any CPU
	EndGlobalSection
	GlobalSection(ProjectConfigurationPlatforms) = postSolution
		{51D502F2-2E04-4701-AC8C-31DA9D3D8937}.Debug|Any CPU.ActiveCfg = Debug|Any CPU
		{51D502F2-2E04-4701-AC8C-31DA9D3D8937}.Debug|Any CPU.Build.0 = Debug|Any CPU
		{51D502F2-2E04-4701-AC8C-31DA9D3D8937}.Release|Any CPU.ActiveCfg = Release|Any CPU
		{51D502F2-2E04-4701-AC8C-31DA9D3D8937}.Release|Any CPU.Build.0 = Release|Any CPU
		{DFB707F2-C1B4-4FF0-8517-AED6FA798DB0}.Debug|Any CPU.ActiveCfg = Debug|Any CPU
		{DFB707F2-C1B4-4FF0-8517-AED6FA798DB0}.Debug|Any CPU.Build.0 = Debug|Any CPU
		{DFB707F2-C1B4-4FF0-8517-AED6FA798DB0}.Release|Any CPU.ActiveCfg = Release|Any CPU
		{DFB707F2-C1B4-4FF0-8517-AED6FA798DB0}.Release|Any CPU.Build.0 = Release|Any CPU
		{6338E999-AEA5-45FE-9E03-BD29315EF78E}.Debug|Any CPU.ActiveCfg = Debug|Any CPU
		{6338E999-AEA5-45FE-9E03-BD29315EF78E}.Debug|Any CPU.Build.0 = Debug|Any CPU
		{6338E999-AEA5-45FE-9E03-BD29315EF78E}.Release|Any CPU.ActiveCfg = Release|Any CPU
		{6338E999-AEA5-45FE-9E03-BD29315EF78E}.Release|Any CPU.Build.0 = Release|Any CPU
	EndGlobalSection
	GlobalSection(SolutionProperties) = preSolution
		HideSolutionNode = FALSE
	EndGlobalSection
	GlobalSection(ExtensibilityGlobals) = postSolution
		SolutionGuid = {8A1E0A9E-C991-4C7F-A412-5BBE89A5E91E}
	EndGlobalSection
EndGlobal
